
Microsoft Visual Studio Solution File, Format Version 12.00
# Visual Studio Version 17
VisualStudioVersion = 17.7.34031.279
MinimumVisualStudioVersion = 10.0.40219.1
Project("{888888A0-9F3D-457C-B088-3A5042F75D52}") = "Practica 03 - Ejemplos de Arreglos Python", "Practica 03 - Ejemplos de Arreglos Python\Practica 03 - Ejemplos de Arreglos Python.pyproj", "{D8E1855A-8A22-4C9B-848F-21F65D107BDC}"
EndProject
Global
	GlobalSection(SolutionConfigurationPlatforms) = preSolution
		Debug|Any CPU = Debug|Any CPU
		Release|Any CPU = Release|Any CPU
	EndGlobalSection
	GlobalSection(ProjectConfigurationPlatforms) = postSolution
		{D8E1855A-8A22-4C9B-848F-21F65D107BDC}.Debug|Any CPU.ActiveCfg = Debug|Any CPU
		{D8E1855A-8A22-4C9B-848F-21F65D107BDC}.Release|Any CPU.ActiveCfg = Release|Any CPU
	EndGlobalSection
	GlobalSection(SolutionProperties) = preSolution
		HideSolutionNode = FALSE
	EndGlobalSection
	GlobalSection(ExtensibilityGlobals) = postSolution
		SolutionGuid = {51C2D809-8D34-4110-842A-CD53C760CFDA}
	EndGlobalSection
EndGlobal
